
Microsoft Visual Studio Solution File, Format Version 11.00
# Visual Studio 2010
Project("{FAE04EC0-301F-11D3-BF4B-00C04F79EFBC}") = "jiangzhongranLearn", "jiangzhongranLearn\jiangzhongranLearn.csproj", "{65F9243C-4F25-4B96-B6DE-C24A3DDC05A8}"
EndProject
Project("{FAE04EC0-301F-11D3-BF4B-00C04F79EFBC}") = "ChapterFive", "ChapterFive\ChapterFive.csproj", "{6B193858-371E-4DEB-A9E2-065E1412817E}"
EndProject
Project("{FAE04EC0-301F-11D3-BF4B-00C04F79EFBC}") = "ChapterSix", "ChapterSix\ChapterSix.csproj", "{92A07FFB-24E8-48C1-8D8A-4F681A15AF49}"
EndProject
Project("{FAE04EC0-301F-11D3-BF4B-00C04F79EFBC}") = "ChapterEight", "ChapterEight\ChapterEight.csproj", "{1A6EBC9D-9BA2-49F5-9517-C17C7932A23F}"
EndProject
Project("{FAE04EC0-301F-11D3-BF4B-00C04F79EFBC}") = "ChapterNine", "ChapterNine\ChapterNine.csproj", "{701FD099-5536-4B3F-9E32-525B9D2EB7B2}"
EndProject
Project("{FAE04EC0-301F-11D3-BF4B-00C04F79EFBC}") = "ChapterTen", "ChapterTen\ChapterTen.csproj", "{7DF1FDDB-75EB-4E35-9C8D-26039BE2CE1E}"
EndProject
Project("{FAE04EC0-301F-11D3-BF4B-00C04F79EFBC}") = "Log4Net-Test", "Log4Net-Test\Log4Net-Test.csproj", "{CEA30B10-E35D-45CF-8289-BF5BC20A1D73}"
EndProject
Project("{FAE04EC0-301F-11D3-BF4B-00C04F79EFBC}") = "SocketServer", "Socket\SocketServer.csproj", "{33080837-D79F-4C3B-B2DC-E42977C1BF20}"
EndProject
Project("{FAE04EC0-301F-11D3-BF4B-00C04F79EFBC}") = "SocketClient", "SocketClient\SocketClient.csproj", "{891FC931-7FAB-4AD0-BB84-682E9F57CD05}"
EndProject
Global
	GlobalSection(SolutionConfigurationPlatforms) = preSolution
		Debug|x86 = Debug|x86
		Release|x86 = Release|x86
	EndGlobalSection
	GlobalSection(ProjectConfigurationPlatforms) = postSolution
		{65F9243C-4F25-4B96-B6DE-C24A3DDC05A8}.Debug|x86.ActiveCfg = Debug|x86
		{65F9243C-4F25-4B96-B6DE-C24A3DDC05A8}.Debug|x86.Build.0 = Debug|x86
		{65F9243C-4F25-4B96-B6DE-C24A3DDC05A8}.Release|x86.ActiveCfg = Release|x86
		{65F9243C-4F25-4B96-B6DE-C24A3DDC05A8}.Release|x86.Build.0 = Release|x86
		{6B193858-371E-4DEB-A9E2-065E1412817E}.Debug|x86.ActiveCfg = Debug|x86
		{6B193858-371E-4DEB-A9E2-065E1412817E}.Debug|x86.Build.0 = Debug|x86
		{6B193858-371E-4DEB-A9E2-065E1412817E}.Release|x86.ActiveCfg = Release|x86
		{6B193858-371E-4DEB-A9E2-065E1412817E}.Release|x86.Build.0 = Release|x86
		{92A07FFB-24E8-48C1-8D8A-4F681A15AF49}.Debug|x86.ActiveCfg = Debug|x86
		{92A07FFB-24E8-48C1-8D8A-4F681A15AF49}.Debug|x86.Build.0 = Debug|x86
		{92A07FFB-24E8-48C1-8D8A-4F681A15AF49}.Release|x86.ActiveCfg = Release|x86
		{92A07FFB-24E8-48C1-8D8A-4F681A15AF49}.Release|x86.Build.0 = Release|x86
		{1A6EBC9D-9BA2-49F5-9517-C17C7932A23F}.Debug|x86.ActiveCfg = Debug|x86
		{1A6EBC9D-9BA2-49F5-9517-C17C7932A23F}.Debug|x86.Build.0 = Debug|x86
		{1A6EBC9D-9BA2-49F5-9517-C17C7932A23F}.Release|x86.ActiveCfg = Release|x86
		{1A6EBC9D-9BA2-49F5-9517-C17C7932A23F}.Release|x86.Build.0 = Release|x86
		{701FD099-5536-4B3F-9E32-525B9D2EB7B2}.Debug|x86.ActiveCfg = Debug|x86
		{701FD099-5536-4B3F-9E32-525B9D2EB7B2}.Debug|x86.Build.0 = Debug|x86
		{701FD099-5536-4B3F-9E32-525B9D2EB7B2}.Release|x86.ActiveCfg = Release|x86
		{701FD099-5536-4B3F-9E32-525B9D2EB7B2}.Release|x86.Build.0 = Release|x86
		{7DF1FDDB-75EB-4E35-9C8D-26039BE2CE1E}.Debug|x86.ActiveCfg = Debug|x86
		{7DF1FDDB-75EB-4E35-9C8D-26039BE2CE1E}.Debug|x86.Build.0 = Debug|x86
		{7DF1FDDB-75EB-4E35-9C8D-26039BE2CE1E}.Release|x86.ActiveCfg = Release|x86
		{7DF1FDDB-75EB-4E35-9C8D-26039BE2CE1E}.Release|x86.Build.0 = Release|x86
		{CEA30B10-E35D-45CF-8289-BF5BC20A1D73}.Debug|x86.ActiveCfg = Debug|x86
		{CEA30B10-E35D-45CF-8289-BF5BC20A1D73}.Debug|x86.Build.0 = Debug|x86
		{CEA30B10-E35D-45CF-8289-BF5BC20A1D73}.Release|x86.ActiveCfg = Release|x86
		{CEA30B10-E35D-45CF-8289-BF5BC20A1D73}.Release|x86.Build.0 = Release|x86
		{33080837-D79F-4C3B-B2DC-E42977C1BF20}.Debug|x86.ActiveCfg = Debug|x86
		{33080837-D79F-4C3B-B2DC-E42977C1BF20}.Debug|x86.Build.0 = Debug|x86
		{33080837-D79F-4C3B-B2DC-E42977C1BF20}.Release|x86.ActiveCfg = Release|x86
		{33080837-D79F-4C3B-B2DC-E42977C1BF20}.Release|x86.Build.0 = Release|x86
		{891FC931-7FAB-4AD0-BB84-682E9F57CD05}.Debug|x86.ActiveCfg = Debug|x86
		{891FC931-7FAB-4AD0-BB84-682E9F57CD05}.Debug|x86.Build.0 = Debug|x86
		{891FC931-7FAB-4AD0-BB84-682E9F57CD05}.Release|x86.ActiveCfg = Release|x86
		{891FC931-7FAB-4AD0-BB84-682E9F57CD05}.Release|x86.Build.0 = Release|x86
	EndGlobalSection
	GlobalSection(SolutionProperties) = preSolution
		HideSolutionNode = FALSE
	EndGlobalSection
EndGlobal
