
Microsoft Visual Studio Solution File, Format Version 11.00
# Visual Studio 2010
Project("{FAE04EC0-301F-11D3-BF4B-00C04F79EFBC}") = "jiangzhongranLearn", "jiangzhongranLearn\jiangzhongranLearn.csproj", "{65F9243C-4F25-4B96-B6DE-C24A3DDC05A8}"
EndProject
Project("{FAE04EC0-301F-11D3-BF4B-00C04F79EFBC}") = "ChapterFive", "ChapterFive\ChapterFive.csproj", "{6B193858-371E-4DEB-A9E2-065E1412817E}"
EndProject
Project("{FAE04EC0-301F-11D3-BF4B-00C04F79EFBC}") = "ChapterSix", "ChapterSix\ChapterSix.csproj", "{92A07FFB-24E8-48C1-8D8A-4F681A15AF49}"
EndProject
Global
	GlobalSection(SolutionConfigurationPlatforms) = preSolution
		Debug|x86 = Debug|x86
		Release|x86 = Release|x86
	EndGlobalSection
	GlobalSection(ProjectConfigurationPlatforms) = postSolution
		{65F9243C-4F25-4B96-B6DE-C24A3DDC05A8}.Debug|x86.ActiveCfg = Debug|x86
		{65F9243C-4F25-4B96-B6DE-C24A3DDC05A8}.Debug|x86.Build.0 = Debug|x86
		{65F9243C-4F25-4B96-B6DE-C24A3DDC05A8}.Release|x86.ActiveCfg = Release|x86
		{65F9243C-4F25-4B96-B6DE-C24A3DDC05A8}.Release|x86.Build.0 = Release|x86
		{6B193858-371E-4DEB-A9E2-065E1412817E}.Debug|x86.ActiveCfg = Debug|x86
		{6B193858-371E-4DEB-A9E2-065E1412817E}.Debug|x86.Build.0 = Debug|x86
		{6B193858-371E-4DEB-A9E2-065E1412817E}.Release|x86.ActiveCfg = Release|x86
		{6B193858-371E-4DEB-A9E2-065E1412817E}.Release|x86.Build.0 = Release|x86
		{92A07FFB-24E8-48C1-8D8A-4F681A15AF49}.Debug|x86.ActiveCfg = Debug|x86
		{92A07FFB-24E8-48C1-8D8A-4F681A15AF49}.Debug|x86.Build.0 = Debug|x86
		{92A07FFB-24E8-48C1-8D8A-4F681A15AF49}.Release|x86.ActiveCfg = Release|x86
		{92A07FFB-24E8-48C1-8D8A-4F681A15AF49}.Release|x86.Build.0 = Release|x86
	EndGlobalSection
	GlobalSection(SolutionProperties) = preSolution
		HideSolutionNode = FALSE
	EndGlobalSection
EndGlobal
